# THIS IS AN AUTOGENERATED FILE. DO NOT EDIT THIS FILE DIRECTLY.
# yarn lockfile v1


"@types/node@^11.12.0":
  version "11.12.0"
  resolved "https://registry.yarnpkg.com/@types/node/-/node-11.12.0.tgz#ec5594728811dc2797e42396cfcdf786f2052c12"
  integrity sha512-Lg00egj78gM+4aE0Erw05cuDbvX9sLJbaaPwwRtdCdAMnIudqrQZ0oZX98Ek0yiSK/A2nubHgJfvII/rTT2Dwg==

"@types/vscode@^1.32.0":
  version "1.32.0"
  resolved "https://registry.yarnpkg.com/@types/vscode/-/vscode-1.32.0.tgz#e0a57de5fc8690a8a3a473996a6b6dfbccc28fbd"
  integrity sha512-fpHR6iE38V3+2ezMwopt726uRYKK9c89OQDO+t8VEUXNJCaYvnMFbHYgxXvQ/jOvP2ZanlL6r6joRZlsUowzoA==
